
Microsoft Visual Studio Solution File, Format Version 12.00
# Visual Studio Version 17
VisualStudioVersion = 17.4.33213.308
MinimumVisualStudioVersion = 10.0.40219.1
Project("{FAE04EC0-301F-11D3-BF4B-00C04F79EFBC}") = "BloodBankProjectMVCCore", "BloodBankProjectMVCCore\BloodBankProjectMVCCore.csproj", "{055A64BE-9FFD-49BE-BC19-A18B615AE167}"
EndProject
Global
	GlobalSection(SolutionConfigurationPlatforms) = preSolution
		Debug|Any CPU = Debug|Any CPU
		Release|Any CPU = Release|Any CPU
	EndGlobalSection
	GlobalSection(ProjectConfigurationPlatforms) = postSolution
		{055A64BE-9FFD-49BE-BC19-A18B615AE167}.Debug|Any CPU.ActiveCfg = Debug|Any CPU
		{055A64BE-9FFD-49BE-BC19-A18B615AE167}.Debug|Any CPU.Build.0 = Debug|Any CPU
		{055A64BE-9FFD-49BE-BC19-A18B615AE167}.Release|Any CPU.ActiveCfg = Release|Any CPU
		{055A64BE-9FFD-49BE-BC19-A18B615AE167}.Release|Any CPU.Build.0 = Release|Any CPU
	EndGlobalSection
	GlobalSection(SolutionProperties) = preSolution
		HideSolutionNode = FALSE
	EndGlobalSection
	GlobalSection(ExtensibilityGlobals) = postSolution
		SolutionGuid = {BFB9FFCA-BBF5-4121-BB89-5A04D63BF373}
	EndGlobalSection
EndGlobal
